
Microsoft Visual Studio Solution File, Format Version 12.00
# Visual Studio Version 17
VisualStudioVersion = 17.5.33424.131
MinimumVisualStudioVersion = 10.0.40219.1
Project("{9A19103F-16F7-4668-BE54-9A1E7A4F7556}") = "ConsoleApp1", "ConsoleApp1\ConsoleApp1.csproj", "{B71211E4-A946-47BF-901E-476349749755}"
EndProject
Project("{FAE04EC0-301F-11D3-BF4B-00C04F79EFBC}") = "Task2", "Task2\Task2.csproj", "{83C46AF1-0F85-4725-80A0-01C8D6E89A14}"
EndProject
Global
	GlobalSection(SolutionConfigurationPlatforms) = preSolution
		Debug|Any CPU = Debug|Any CPU
		Release|Any CPU = Release|Any CPU
	EndGlobalSection
	GlobalSection(ProjectConfigurationPlatforms) = postSolution
		{B71211E4-A946-47BF-901E-476349749755}.Debug|Any CPU.ActiveCfg = Debug|Any CPU
		{B71211E4-A946-47BF-901E-476349749755}.Debug|Any CPU.Build.0 = Debug|Any CPU
		{B71211E4-A946-47BF-901E-476349749755}.Release|Any CPU.ActiveCfg = Release|Any CPU
		{B71211E4-A946-47BF-901E-476349749755}.Release|Any CPU.Build.0 = Release|Any CPU
		{83C46AF1-0F85-4725-80A0-01C8D6E89A14}.Debug|Any CPU.ActiveCfg = Debug|Any CPU
		{83C46AF1-0F85-4725-80A0-01C8D6E89A14}.Debug|Any CPU.Build.0 = Debug|Any CPU
		{83C46AF1-0F85-4725-80A0-01C8D6E89A14}.Release|Any CPU.ActiveCfg = Release|Any CPU
		{83C46AF1-0F85-4725-80A0-01C8D6E89A14}.Release|Any CPU.Build.0 = Release|Any CPU
	EndGlobalSection
	GlobalSection(SolutionProperties) = preSolution
		HideSolutionNode = FALSE
	EndGlobalSection
	GlobalSection(ExtensibilityGlobals) = postSolution
		SolutionGuid = {BAA801AA-BAEF-46C8-B75E-AD9F915FC043}
	EndGlobalSection
EndGlobal
