
Microsoft Visual Studio Solution File, Format Version 12.00
# Visual Studio Version 17
VisualStudioVersion = 17.5.33424.131
MinimumVisualStudioVersion = 10.0.40219.1
Project("{FAE04EC0-301F-11D3-BF4B-00C04F79EFBC}") = "5. Exercises Class 6", "5. Exercises Class 6\5. Exercises Class 6.csproj", "{48815264-8BEF-4800-9F66-C0C48A32997F}"
EndProject
Project("{FAE04EC0-301F-11D3-BF4B-00C04F79EFBC}") = "Task 1", "Task 1\Task 1.csproj", "{47E6E2F1-D5C2-4CE6-9361-A2FE705C4BBC}"
EndProject
Project("{FAE04EC0-301F-11D3-BF4B-00C04F79EFBC}") = "Task 2", "Task 2\Task 2.csproj", "{15FDDCF6-DBA8-48ED-9980-6E7AFA775AFD}"
EndProject
Project("{FAE04EC0-301F-11D3-BF4B-00C04F79EFBC}") = "Task 3", "Task 3\Task 3.csproj", "{CC16DEF1-FBCB-4209-B119-E37965F9DF90}"
EndProject
Global
	GlobalSection(SolutionConfigurationPlatforms) = preSolution
		Debug|Any CPU = Debug|Any CPU
		Release|Any CPU = Release|Any CPU
	EndGlobalSection
	GlobalSection(ProjectConfigurationPlatforms) = postSolution
		{48815264-8BEF-4800-9F66-C0C48A32997F}.Debug|Any CPU.ActiveCfg = Debug|Any CPU
		{48815264-8BEF-4800-9F66-C0C48A32997F}.Debug|Any CPU.Build.0 = Debug|Any CPU
		{48815264-8BEF-4800-9F66-C0C48A32997F}.Release|Any CPU.ActiveCfg = Release|Any CPU
		{48815264-8BEF-4800-9F66-C0C48A32997F}.Release|Any CPU.Build.0 = Release|Any CPU
		{47E6E2F1-D5C2-4CE6-9361-A2FE705C4BBC}.Debug|Any CPU.ActiveCfg = Debug|Any CPU
		{47E6E2F1-D5C2-4CE6-9361-A2FE705C4BBC}.Debug|Any CPU.Build.0 = Debug|Any CPU
		{47E6E2F1-D5C2-4CE6-9361-A2FE705C4BBC}.Release|Any CPU.ActiveCfg = Release|Any CPU
		{47E6E2F1-D5C2-4CE6-9361-A2FE705C4BBC}.Release|Any CPU.Build.0 = Release|Any CPU
		{15FDDCF6-DBA8-48ED-9980-6E7AFA775AFD}.Debug|Any CPU.ActiveCfg = Debug|Any CPU
		{15FDDCF6-DBA8-48ED-9980-6E7AFA775AFD}.Debug|Any CPU.Build.0 = Debug|Any CPU
		{15FDDCF6-DBA8-48ED-9980-6E7AFA775AFD}.Release|Any CPU.ActiveCfg = Release|Any CPU
		{15FDDCF6-DBA8-48ED-9980-6E7AFA775AFD}.Release|Any CPU.Build.0 = Release|Any CPU
		{CC16DEF1-FBCB-4209-B119-E37965F9DF90}.Debug|Any CPU.ActiveCfg = Debug|Any CPU
		{CC16DEF1-FBCB-4209-B119-E37965F9DF90}.Debug|Any CPU.Build.0 = Debug|Any CPU
		{CC16DEF1-FBCB-4209-B119-E37965F9DF90}.Release|Any CPU.ActiveCfg = Release|Any CPU
		{CC16DEF1-FBCB-4209-B119-E37965F9DF90}.Release|Any CPU.Build.0 = Release|Any CPU
	EndGlobalSection
	GlobalSection(SolutionProperties) = preSolution
		HideSolutionNode = FALSE
	EndGlobalSection
	GlobalSection(ExtensibilityGlobals) = postSolution
		SolutionGuid = {58D6BB9D-8D71-48AF-B6DC-B8DA4AE6D4C2}
	EndGlobalSection
EndGlobal
